
Microsoft Visual Studio Solution File, Format Version 12.00
# Visual Studio Version 17
VisualStudioVersion = 17.1.32421.90
MinimumVisualStudioVersion = 10.0.40219.1
Project("{FAE04EC0-301F-11D3-BF4B-00C04F79EFBC}") = "Abstract_DesignPatron", "Abstract_DesignPatron\Abstract_DesignPatron.csproj", "{B18DCAC6-8FA3-471A-9F75-EAE2AB521016}"
EndProject
Global
	GlobalSection(SolutionConfigurationPlatforms) = preSolution
		Debug|Any CPU = Debug|Any CPU
		Release|Any CPU = Release|Any CPU
	EndGlobalSection
	GlobalSection(ProjectConfigurationPlatforms) = postSolution
		{B18DCAC6-8FA3-471A-9F75-EAE2AB521016}.Debug|Any CPU.ActiveCfg = Debug|Any CPU
		{B18DCAC6-8FA3-471A-9F75-EAE2AB521016}.Debug|Any CPU.Build.0 = Debug|Any CPU
		{B18DCAC6-8FA3-471A-9F75-EAE2AB521016}.Release|Any CPU.ActiveCfg = Release|Any CPU
		{B18DCAC6-8FA3-471A-9F75-EAE2AB521016}.Release|Any CPU.Build.0 = Release|Any CPU
	EndGlobalSection
	GlobalSection(SolutionProperties) = preSolution
		HideSolutionNode = FALSE
	EndGlobalSection
	GlobalSection(ExtensibilityGlobals) = postSolution
		SolutionGuid = {B4E6C871-8BDB-48F0-9A5E-4328FBEB7963}
	EndGlobalSection
EndGlobal
